// !$*UTF8*$!
{
	archiveVersion = 1;
	classes = {
	};
	objectVersion = 46;
	objects = {

/* Begin PBXBuildFile section */
		11B4B1911E04DBE100B5B630 /* AppDelegate.swift in Sources */ = {isa = PBXBuildFile; fileRef = 11B4B1901E04DBE100B5B630 /* AppDelegate.swift */; };
		11B4B1931E04DBE100B5B630 /* ViewController.swift in Sources */ = {isa = PBXBuildFile; fileRef = 11B4B1921E04DBE100B5B630 /* ViewController.swift */; };
		11B4B1961E04DBE200B5B630 /* Main.storyboard in Resources */ = {isa = PBXBuildFile; fileRef = 11B4B1941E04DBE200B5B630 /* Main.storyboard */; };
		11B4B1981E04DBE200B5B630 /* Assets.xcassets in Resources */ = {isa = PBXBuildFile; fileRef = 11B4B1971E04DBE200B5B630 /* Assets.xcassets */; };
		11B4B19B1E04DBE200B5B630 /* LaunchScreen.storyboard in Resources */ = {isa = PBXBuildFile; fileRef = 11B4B1991E04DBE200B5B630 /* LaunchScreen.storyboard */; };
		11B4B1A31E04EF7E00B5B630 /* LargeEmojiViewController.swift in Sources */ = {isa = PBXBuildFile; fileRef = 11B4B1A21E04EF7E00B5B630 /* LargeEmojiViewController.swift */; };
		11B4B1A51E06537800B5B630 /* Emoji.swift in Sources */ = {isa = PBXBuildFile; fileRef = 11B4B1A41E06537800B5B630 /* Emoji.swift */; };
/* End PBXBuildFile section */

/* Begin PBXFileReference section */
		11B4B18D1E04DBE100B5B630 /* Emoji Dictionary.app */ = {isa = PBXFileReference; explicitFileType = wrapper.application; includeInIndex = 0; path = "Emoji Dictionary.app"; sourceTree = BUILT_PRODUCTS_DIR; };
		11B4B1901E04DBE100B5B630 /* AppDelegate.swift */ = {isa = PBXFileReference; lastKnownFileType = sourcecode.swift; path = AppDelegate.swift; sourceTree = "<group>"; };
		11B4B1921E04DBE100B5B630 /* ViewController.swift */ = {isa = PBXFileReference; lastKnownFileType = sourcecode.swift; path = ViewController.swift; sourceTree = "<group>"; };
		11B4B1951E04DBE200B5B630 /* Base */ = {isa = PBXFileReference; lastKnownFileType = file.storyboard; name = Base; path = Base.lproj/Main.storyboard; sourceTree = "<group>"; };
		11B4B1971E04DBE200B5B630 /* Assets.xcassets */ = {isa = PBXFileReference; lastKnownFileType = folder.assetcatalog; path = Assets.xcassets; sourceTree = "<group>"; };
		11B4B19A1E04DBE200B5B630 /* Base */ = {isa = PBXFileReference; lastKnownFileType = file.storyboard; name = Base; path = Base.lproj/LaunchScreen.storyboard; sourceTree = "<group>"; };
		11B4B19C1E04DBE200B5B630 /* Info.plist */ = {isa = PBXFileReference; lastKnownFileType = text.plist.xml; path = Info.plist; sourceTree = "<group>"; };
		11B4B1A21E04EF7E00B5B630 /* LargeEmojiViewController.swift */ = {isa = PBXFileReference; fileEncoding = 4; lastKnownFileType = sourcecode.swift; path = LargeEmojiViewController.swift; sourceTree = "<group>"; };
		11B4B1A41E06537800B5B630 /* Emoji.swift */ = {isa = PBXFileReference; fileEncoding = 4; lastKnownFileType = sourcecode.swift; path = Emoji.swift; sourceTree = "<group>"; };
/* End PBXFileReference section */

/* Begin PBXFrameworksBuildPhase section */
		11B4B18A1E04DBE100B5B630 /* Frameworks */ = {
			isa = PBXFrameworksBuildPhase;
			buildActionMask = 2147483647;
			files = (
			);
			runOnlyForDeploymentPostprocessing = 0;
		};
/* End PBXFrameworksBuildPhase section */

/* Begin PBXGroup section */
		11B4B1841E04DBE100B5B630 = {
			isa = PBXGroup;
			children = (
				11B4B18F1E04DBE100B5B630 /* Emoji Dictionary */,
				11B4B18E1E04DBE100B5B630 /* Products */,
			);
			sourceTree = "<group>";
		};
		11B4B18E1E04DBE100B5B630 /* Products */ = {
			isa = PBXGroup;
			children = (
				11B4B18D1E04DBE100B5B630 /* Emoji Dictionary.app */,
			);
			name = Products;
			sourceTree = "<group>";
		};
		11B4B18F1E04DBE100B5B630 /* Emoji Dictionary */ = {
			isa = PBXGroup;
			children = (
				11B4B1901E04DBE100B5B630 /* AppDelegate.swift */,
				11B4B1921E04DBE100B5B630 /* ViewController.swift */,
				11B4B1A41E06537800B5B630 /* Emoji.swift */,
				11B4B1A21E04EF7E00B5B630 /* LargeEmojiViewController.swift */,
				11B4B1941E04DBE200B5B630 /* Main.storyboard */,
				11B4B1971E04DBE200B5B630 /* Assets.xcassets */,
				11B4B1991E04DBE200B5B630 /* LaunchScreen.storyboard */,
				11B4B19C1E04DBE200B5B630 /* Info.plist */,
			);
			path = "Emoji Dictionary";
			sourceTree = "<group>";
		};
/* End PBXGroup section */

/* Begin PBXNativeTarget section */
		11B4B18C1E04DBE100B5B630 /* Emoji Dictionary */ = {
			isa = PBXNativeTarget;
			buildConfigurationList = 11B4B19F1E04DBE200B5B630 /* Build configuration list for PBXNativeTarget "Emoji Dictionary" */;
			buildPhases = (
				11B4B1891E04DBE100B5B630 /* Sources */,
				11B4B18A1E04DBE100B5B630 /* Frameworks */,
				11B4B18B1E04DBE100B5B630 /* Resources */,
			);
			buildRules = (
			);
			dependencies = (
			);
			name = "Emoji Dictionary";
			productName = "Emoji Dictionary";
			productReference = 11B4B18D1E04DBE100B5B630 /* Emoji Dictionary.app */;
			productType = "com.apple.product-type.application";
		};
/* End PBXNativeTarget section */

/* Begin PBXProject section */
		11B4B1851E04DBE100B5B630 /* Project object */ = {
			isa = PBXProject;
			attributes = {
				LastSwiftUpdateCheck = 0820;
				LastUpgradeCheck = 0820;
				ORGANIZATIONNAME = "Noypi Dev";
				TargetAttributes = {
					11B4B18C1E04DBE100B5B630 = {
						CreatedOnToolsVersion = 8.2;
						ProvisioningStyle = Automatic;
					};
				};
			};
			buildConfigurationList = 11B4B1881E04DBE100B5B630 /* Build configuration list for PBXProject "Emoji Dictionary" */;
			compatibilityVersion = "Xcode 3.2";
			developmentRegion = English;
			hasScannedForEncodings = 0;
			knownRegions = (
				en,
				Base,
			);
			mainGroup = 11B4B1841E04DBE100B5B630;
			productRefGroup = 11B4B18E1E04DBE100B5B630 /* Products */;
			projectDirPath = "";
			projectRoot = "";
			targets = (
				11B4B18C1E04DBE100B5B630 /* Emoji Dictionary */,
			);
		};
/* End PBXProject section */

/* Begin PBXResourcesBuildPhase section */
		11B4B18B1E04DBE100B5B630 /* Resources */ = {
			isa = PBXResourcesBuildPhase;
			buildActionMask = 2147483647;
			files = (
				11B4B19B1E04DBE200B5B630 /* LaunchScreen.storyboard in Resources */,
				11B4B1981E04DBE200B5B630 /* Assets.xcassets in Resources */,
				11B4B1961E04DBE200B5B630 /* Main.storyboard in Resources */,
			);
			runOnlyForDeploymentPostprocessing = 0;
		};
/* End PBXResourcesBuildPhase section */

/* Begin PBXSourcesBuildPhase section */
		11B4B1891E04DBE100B5B630 /* Sources */ = {
			isa = PBXSourcesBuildPhase;
			buildActionMask = 2147483647;
			files = (
				11B4B1931E04DBE100B5B630 /* ViewController.swift in Sources */,
				11B4B1911E04DBE100B5B630 /* AppDelegate.swift in Sources */,
				11B4B1A51E06537800B5B630 /* Emoji.swift in Sources */,
				11B4B1A31E04EF7E00B5B630 /* LargeEmojiViewController.swift in Sources */,
			);
			runOnlyForDeploymentPostprocessing = 0;
		};
/* End PBXSourcesBuildPhase section */

/* Begin PBXVariantGroup section */
		11B4B1941E04DBE200B5B630 /* Main.storyboard */ = {
			isa = PBXVariantGroup;
			children = (
				11B4B1951E04DBE200B5B630 /* Base */,
			);
			name = Main.storyboard;
			sourceTree = "<group>";
		};
		11B4B1991E04DBE200B5B630 /* LaunchScreen.storyboard */ = {
			isa = PBXVariantGroup;
			children = (
				11B4B19A1E04DBE200B5B630 /* Base */,
			);
			name = LaunchScreen.storyboard;
			sourceTree = "<group>";
		};
/* End PBXVariantGroup section */

/* Begin XCBuildConfiguration section */
		11B4B19D1E04DBE200B5B630 /* Debug */ = {
			isa = XCBuildConfiguration;
			buildSettings = {
				ALWAYS_SEARCH_USER_PATHS = NO;
				CLANG_ANALYZER_NONNULL = YES;
				CLANG_CXX_LANGUAGE_STANDARD = "gnu++0x";
				CLANG_CXX_LIBRARY = "libc++";
				CLANG_ENABLE_MODULES = YES;
				CLANG_ENABLE_OBJC_ARC = YES;
				CLANG_WARN_BOOL_CONVERSION = YES;
				CLANG_WARN_CONSTANT_CONVERSION = YES;
				CLANG_WARN_DIRECT_OBJC_ISA_USAGE = YES_ERROR;
				CLANG_WARN_DOCUMENTATION_COMMENTS = YES;
				CLANG_WARN_EMPTY_BODY = YES;
				CLANG_WARN_ENUM_CONVERSION = YES;
				CLANG_WARN_INFINITE_RECURSION = YES;
				CLANG_WARN_INT_CONVERSION = YES;
				CLANG_WARN_OBJC_ROOT_CLASS = YES_ERROR;
				CLANG_WARN_SUSPICIOUS_MOVE = YES;
				CLANG_WARN_UNREACHABLE_CODE = YES;
				CLANG_WARN__DUPLICATE_METHOD_MATCH = YES;
				"CODE_SIGN_IDENTITY[sdk=iphoneos*]" = "iPhone Developer";
				COPY_PHASE_STRIP = NO;
				DEBUG_INFORMATION_FORMAT = dwarf;
				ENABLE_STRICT_OBJC_MSGSEND = YES;
				ENABLE_TESTABILITY = YES;
				GCC_C_LANGUAGE_STANDARD = gnu99;
				GCC_DYNAMIC_NO_PIC = NO;
				GCC_NO_COMMON_BLOCKS = YES;
				GCC_OPTIMIZATION_LEVEL = 0;
				GCC_PREPROCESSOR_DEFINITIONS = (
					"DEBUG=1",
					"$(inherited)",
				);
				GCC_WARN_64_TO_32_BIT_CONVERSION = YES;
				GCC_WARN_ABOUT_RETURN_TYPE = YES_ERROR;
				GCC_WARN_UNDECLARED_SELECTOR = YES;
				GCC_WARN_UNINITIALIZED_AUTOS = YES_AGGRESSIVE;
				GCC_WARN_UNUSED_FUNCTION = YES;
				GCC_WARN_UNUSED_VARIABLE = YES;
				IPHONEOS_DEPLOYMENT_TARGET = 10.2;
				MTL_ENABLE_DEBUG_INFO = YES;
				ONLY_ACTIVE_ARCH = YES;
				SDKROOT = iphoneos;
				SWIFT_ACTIVE_COMPILATION_CONDITIONS = DEBUG;
				SWIFT_OPTIMIZATION_LEVEL = "-Onone";
				TARGETED_DEVICE_FAMILY = "1,2";
			};
			name = Debug;
		};
		11B4B19E1E04DBE200B5B630 /* Release */ = {
			isa = XCBuildConfiguration;
			buildSettings = {
				ALWAYS_SEARCH_USER_PATHS = NO;
				CLANG_ANALYZER_NONNULL = YES;
				CLANG_CXX_LANGUAGE_STANDARD = "gnu++0x";
				CLANG_CXX_LIBRARY = "libc++";
				CLANG_ENABLE_MODULES = YES;
				CLANG_ENABLE_OBJC_ARC = YES;
				CLANG_WARN_BOOL_CONVERSION = YES;
				CLANG_WARN_CONSTANT_CONVERSION = YES;
				CLANG_WARN_DIRECT_OBJC_ISA_USAGE = YES_ERROR;
				CLANG_WARN_DOCUMENTATION_COMMENTS = YES;
				CLANG_WARN_EMPTY_BODY = YES;
				CLANG_WARN_ENUM_CONVERSION = YES;
				CLANG_WARN_INFINITE_RECURSION = YES;
				CLANG_WARN_INT_CONVERSION = YES;
				CLANG_WARN_OBJC_ROOT_CLASS = YES_ERROR;
				CLANG_WARN_SUSPICIOUS_MOVE = YES;
				CLANG_WARN_UNREACHABLE_CODE = YES;
				CLANG_WARN__DUPLICATE_METHOD_MATCH = YES;
				"CODE_SIGN_IDENTITY[sdk=iphoneos*]" = "iPhone Developer";
				COPY_PHASE_STRIP = NO;
				DEBUG_INFORMATION_FORMAT = "dwarf-with-dsym";
				ENABLE_NS_ASSERTIONS = NO;
				ENABLE_STRICT_OBJC_MSGSEND = YES;
				GCC_C_LANGUAGE_STANDARD = gnu99;
				GCC_NO_COMMON_BLOCKS = YES;
				GCC_WARN_64_TO_32_BIT_CONVERSION = YES;
				GCC_WARN_ABOUT_RETURN_TYPE = YES_ERROR;
				GCC_WARN_UNDECLARED_SELECTOR = YES;
				GCC_WARN_UNINITIALIZED_AUTOS = YES_AGGRESSIVE;
				GCC_WARN_UNUSED_FUNCTION = YES;
				GCC_WARN_UNUSED_VARIABLE = YES;
				IPHONEOS_DEPLOYMENT_TARGET = 10.2;
				MTL_ENABLE_DEBUG_INFO = NO;
				SDKROOT = iphoneos;
				SWIFT_OPTIMIZATION_LEVEL = "-Owholemodule";
				TARGETED_DEVICE_FAMILY = "1,2";
				VALIDATE_PRODUCT = YES;
			};
			name = Release;
		};
		11B4B1A01E04DBE200B5B630 /* Debug */ = {
			isa = XCBuildConfiguration;
			buildSettings = {
				ASSETCATALOG_COMPILER_APPICON_NAME = AppIcon;
				INFOPLIST_FILE = "Emoji Dictionary/Info.plist";
				LD_RUNPATH_SEARCH_PATHS = "$(inherited) @executable_path/Frameworks";
				PRODUCT_BUNDLE_IDENTIFIER = "com.noypiDev.Emoji-Dictionary";
				PRODUCT_NAME = "$(TARGET_NAME)";
				SWIFT_VERSION = 3.0;
			};
			name = Debug;
		};
		11B4B1A11E04DBE200B5B630 /* Release */ = {
			isa = XCBuildConfiguration;
			buildSettings = {
				ASSETCATALOG_COMPILER_APPICON_NAME = AppIcon;
				INFOPLIST_FILE = "Emoji Dictionary/Info.plist";
				LD_RUNPATH_SEARCH_PATHS = "$(inherited) @executable_path/Frameworks";
				PRODUCT_BUNDLE_IDENTIFIER = "com.noypiDev.Emoji-Dictionary";
				PRODUCT_NAME = "$(TARGET_NAME)";
				SWIFT_VERSION = 3.0;
			};
			name = Release;
		};
/* End XCBuildConfiguration section */

/* Begin XCConfigurationList section */
		11B4B1881E04DBE100B5B630 /* Build configuration list for PBXProject "Emoji Dictionary" */ = {
			isa = XCConfigurationList;
			buildConfigurations = (
				11B4B19D1E04DBE200B5B630 /* Debug */,
				11B4B19E1E04DBE200B5B630 /* Release */,
			);
			defaultConfigurationIsVisible = 0;
			defaultConfigurationName = Release;
		};
		11B4B19F1E04DBE200B5B630 /* Build configuration list for PBXNativeTarget "Emoji Dictionary" */ = {
			isa = XCConfigurationList;
			buildConfigurations = (
				11B4B1A01E04DBE200B5B630 /* Debug */,
				11B4B1A11E04DBE200B5B630 /* Release */,
			);
			defaultConfigurationIsVisible = 0;
			defaultConfigurationName = Release;
		};
/* End XCConfigurationList section */
	};
	rootObject = 11B4B1851E04DBE100B5B630 /* Project object */;
}
